
Microsoft Visual Studio Solution File, Format Version 12.00
# Visual Studio Version 17
VisualStudioVersion = 17.4.33205.214
MinimumVisualStudioVersion = 10.0.40219.1
Project("{9A19103F-16F7-4668-BE54-9A1E7A4F7556}") = "WebApi", "WebApi\WebApi.csproj", "{3D02274D-755A-4357-B51B-D831C2B1C87E}"
EndProject
Project("{FAE04EC0-301F-11D3-BF4B-00C04F79EFBC}") = "Project.Domain", "Project.Domain\Project.Domain.csproj", "{EBEDC30A-F2B9-4D2F-AF1D-8EB55F8C1D71}"
EndProject
Project("{FAE04EC0-301F-11D3-BF4B-00C04F79EFBC}") = "Project.Infra", "Project.Infra\Project.Infra.csproj", "{5A381476-E5DC-4186-853D-CDFA7215177D}"
EndProject
Global
	GlobalSection(SolutionConfigurationPlatforms) = preSolution
		Debug|Any CPU = Debug|Any CPU
		Release|Any CPU = Release|Any CPU
	EndGlobalSection
	GlobalSection(ProjectConfigurationPlatforms) = postSolution
		{3D02274D-755A-4357-B51B-D831C2B1C87E}.Debug|Any CPU.ActiveCfg = Debug|Any CPU
		{3D02274D-755A-4357-B51B-D831C2B1C87E}.Debug|Any CPU.Build.0 = Debug|Any CPU
		{3D02274D-755A-4357-B51B-D831C2B1C87E}.Release|Any CPU.ActiveCfg = Release|Any CPU
		{3D02274D-755A-4357-B51B-D831C2B1C87E}.Release|Any CPU.Build.0 = Release|Any CPU
		{EBEDC30A-F2B9-4D2F-AF1D-8EB55F8C1D71}.Debug|Any CPU.ActiveCfg = Debug|Any CPU
		{EBEDC30A-F2B9-4D2F-AF1D-8EB55F8C1D71}.Debug|Any CPU.Build.0 = Debug|Any CPU
		{EBEDC30A-F2B9-4D2F-AF1D-8EB55F8C1D71}.Release|Any CPU.ActiveCfg = Release|Any CPU
		{EBEDC30A-F2B9-4D2F-AF1D-8EB55F8C1D71}.Release|Any CPU.Build.0 = Release|Any CPU
		{5A381476-E5DC-4186-853D-CDFA7215177D}.Debug|Any CPU.ActiveCfg = Debug|Any CPU
		{5A381476-E5DC-4186-853D-CDFA7215177D}.Debug|Any CPU.Build.0 = Debug|Any CPU
		{5A381476-E5DC-4186-853D-CDFA7215177D}.Release|Any CPU.ActiveCfg = Release|Any CPU
		{5A381476-E5DC-4186-853D-CDFA7215177D}.Release|Any CPU.Build.0 = Release|Any CPU
	EndGlobalSection
	GlobalSection(SolutionProperties) = preSolution
		HideSolutionNode = FALSE
	EndGlobalSection
	GlobalSection(ExtensibilityGlobals) = postSolution
		SolutionGuid = {E1CDBB02-C594-4641-8218-D4B265B9CF46}
	EndGlobalSection
EndGlobal
